
Microsoft Visual Studio Solution File, Format Version 12.00
# Visual Studio Version 17
VisualStudioVersion = 17.11.35219.272
MinimumVisualStudioVersion = 10.0.40219.1
Project("{FAE04EC0-301F-11D3-BF4B-00C04F79EFBC}") = "Iseseisevt-Kordamine", "Iseseisevt-Kordamine\Iseseisevt-Kordamine.csproj", "{DC786BA1-2643-4B47-89C4-C8E7E6B14D58}"
EndProject
Global
	GlobalSection(SolutionConfigurationPlatforms) = preSolution
		Debug|Any CPU = Debug|Any CPU
		Release|Any CPU = Release|Any CPU
	EndGlobalSection
	GlobalSection(ProjectConfigurationPlatforms) = postSolution
		{DC786BA1-2643-4B47-89C4-C8E7E6B14D58}.Debug|Any CPU.ActiveCfg = Debug|Any CPU
		{DC786BA1-2643-4B47-89C4-C8E7E6B14D58}.Debug|Any CPU.Build.0 = Debug|Any CPU
		{DC786BA1-2643-4B47-89C4-C8E7E6B14D58}.Release|Any CPU.ActiveCfg = Release|Any CPU
		{DC786BA1-2643-4B47-89C4-C8E7E6B14D58}.Release|Any CPU.Build.0 = Release|Any CPU
	EndGlobalSection
	GlobalSection(SolutionProperties) = preSolution
		HideSolutionNode = FALSE
	EndGlobalSection
	GlobalSection(ExtensibilityGlobals) = postSolution
		SolutionGuid = {8A7C57F4-BDAA-4F77-9FB6-1221101D5526}
	EndGlobalSection
EndGlobal
